
Microsoft Visual Studio Solution File, Format Version 12.00
Project("{FAE04EC0-301F-11D3-BF4B-00C04F79EFBC}") = "ForOrnekler", "ForOrnekler\ForOrnekler.csproj", "{9CA2E869-338D-4078-8C37-BCAE673310EA}"
EndProject
Global
	GlobalSection(SolutionConfigurationPlatforms) = preSolution
		Debug|Any CPU = Debug|Any CPU
		Release|Any CPU = Release|Any CPU
	EndGlobalSection
	GlobalSection(ProjectConfigurationPlatforms) = postSolution
		{9CA2E869-338D-4078-8C37-BCAE673310EA}.Debug|Any CPU.ActiveCfg = Debug|Any CPU
		{9CA2E869-338D-4078-8C37-BCAE673310EA}.Debug|Any CPU.Build.0 = Debug|Any CPU
		{9CA2E869-338D-4078-8C37-BCAE673310EA}.Release|Any CPU.ActiveCfg = Release|Any CPU
		{9CA2E869-338D-4078-8C37-BCAE673310EA}.Release|Any CPU.Build.0 = Release|Any CPU
	EndGlobalSection
EndGlobal
