
Microsoft Visual Studio Solution File, Format Version 12.00
Project("{FAE04EC0-301F-11D3-BF4B-00C04F79EFBC}") = "MetotlarOdev", "MetotlarOdev\MetotlarOdev.csproj", "{E0FF6B29-049F-462B-9DA8-0CAEC20EC8D4}"
EndProject
Global
	GlobalSection(SolutionConfigurationPlatforms) = preSolution
		Debug|Any CPU = Debug|Any CPU
		Release|Any CPU = Release|Any CPU
	EndGlobalSection
	GlobalSection(ProjectConfigurationPlatforms) = postSolution
		{E0FF6B29-049F-462B-9DA8-0CAEC20EC8D4}.Debug|Any CPU.ActiveCfg = Debug|Any CPU
		{E0FF6B29-049F-462B-9DA8-0CAEC20EC8D4}.Debug|Any CPU.Build.0 = Debug|Any CPU
		{E0FF6B29-049F-462B-9DA8-0CAEC20EC8D4}.Release|Any CPU.ActiveCfg = Release|Any CPU
		{E0FF6B29-049F-462B-9DA8-0CAEC20EC8D4}.Release|Any CPU.Build.0 = Release|Any CPU
	EndGlobalSection
EndGlobal
